
Microsoft Visual Studio Solution File, Format Version 12.00
# Visual Studio Version 17
VisualStudioVersion = 17.11.35312.102
MinimumVisualStudioVersion = 10.0.40219.1
Project("{2150E333-8FDC-42A3-9474-1A3956D46DE8}") = "week-1", "week-1", "{2C7FEEDE-A67F-46A8-BE7A-40DDAC770B34}"
EndProject
Project("{9A19103F-16F7-4668-BE54-9A1E7A4F7556}") = "FirstApp", "week-1\FirstApp\FirstApp.csproj", "{B236D288-258A-4627-9587-2CEC389D4E05}"
EndProject
Project("{9A19103F-16F7-4668-BE54-9A1E7A4F7556}") = "VariablesApp", "week-1\VariablesApp\VariablesApp.csproj", "{F583CA48-B012-45FB-A55C-8CD26A7ED557}"
EndProject
Project("{9A19103F-16F7-4668-BE54-9A1E7A4F7556}") = "ElseIf", "week-1\ElseIf\ElseIf.csproj", "{0A8EC24B-0536-4DC8-BB26-A3241462EEA4}"
EndProject
Project("{9A19103F-16F7-4668-BE54-9A1E7A4F7556}") = "ManavAppSwitchCase", "week-1\SwitchCase\ManavAppSwitchCase.csproj", "{A0022813-BC45-4C35-B302-DB4D67B8974E}"
EndProject
Project("{9A19103F-16F7-4668-BE54-9A1E7A4F7556}") = "KimMilyonerOlmakIsterApp", "week-1\KimMilyonerOlmakİsterApp\KimMilyonerOlmakIsterApp.csproj", "{6139C08F-D440-4140-8AFF-CBF2769A7769}"
EndProject
Project("{9A19103F-16F7-4668-BE54-9A1E7A4F7556}") = "S02Toplama", "week-1-bomb\S02Toplama\S02Toplama.csproj", "{BB7C67F0-4226-4972-B8E4-E0CBA4974B9D}"
EndProject
Project("{9A19103F-16F7-4668-BE54-9A1E7A4F7556}") = "S03YasSorgulama", "week-1-bomb\S03YasSorgulama\S03YasSorgulama.csproj", "{E1326604-1B78-44CC-AB70-768B85562E16}"
EndProject
Project("{9A19103F-16F7-4668-BE54-9A1E7A4F7556}") = "S01HelloWorld", "week-1-bomb\S01HelloWorld\S01HelloWorld.csproj", "{DA7EE82F-9C05-4EFC-850D-4ED7CE37ADF3}"
EndProject
Project("{9A19103F-16F7-4668-BE54-9A1E7A4F7556}") = "S04TekCıft", "week-1-bomb\S04TekCıft\S04TekCıft.csproj", "{D3E7AC84-05FC-414B-9BCC-17F7F0D86257}"
EndProject
Project("{9A19103F-16F7-4668-BE54-9A1E7A4F7556}") = "S05Sicaklik", "week-1-bomb\S05Sicaklik\S05Sicaklik.csproj", "{4D42ED05-88E9-45F4-96BF-512BCCE714BC}"
EndProject
Project("{9A19103F-16F7-4668-BE54-9A1E7A4F7556}") = "S07Not", "week-1-bomb\S07Not\S07Not.csproj", "{B8F7913D-9857-4C27-B564-F2CFEF068DD6}"
EndProject
Project("{9A19103F-16F7-4668-BE54-9A1E7A4F7556}") = "S08Ay", "week-1-bomb\S08Ay\S08Ay.csproj", "{A65E0854-37E2-4C02-B524-C2768A682329}"
EndProject
Project("{9A19103F-16F7-4668-BE54-9A1E7A4F7556}") = "S06Gun", "week-1-bomb\S06Gun\S06Gun.csproj", "{2D8C8926-6E4C-4EA6-AF24-B402840AAB98}"
EndProject
Project("{9A19103F-16F7-4668-BE54-9A1E7A4F7556}") = "S09Sifre", "week-1-bomb\S09Sifre\S09Sifre.csproj", "{74084DAD-3241-44EB-B037-C878FD4F7EC6}"
EndProject
Project("{9A19103F-16F7-4668-BE54-9A1E7A4F7556}") = "S10Islem", "week-1-bomb\S10Islem\S10Islem.csproj", "{939929E0-4FB5-457B-889B-64D3A0FB1DDC}"
EndProject
Project("{9A19103F-16F7-4668-BE54-9A1E7A4F7556}") = "ForApp", "week-2\ForApp\ForApp.csproj", "{08B05721-7850-4485-AF7F-B0E3CC2B4913}"
EndProject
Project("{9A19103F-16F7-4668-BE54-9A1E7A4F7556}") = "WhileApp", "week-2\WhileApp\WhileApp.csproj", "{460A8DCB-1472-4945-9B8A-4EC4580189E4}"
EndProject
Project("{9A19103F-16F7-4668-BE54-9A1E7A4F7556}") = "DoWhileApp", "week-2\DoWhile\DoWhileApp.csproj", "{F1F08F8C-5127-4A26-B828-26953F7A41AA}"
EndProject
Project("{2150E333-8FDC-42A3-9474-1A3956D46DE8}") = "week-2", "week-2", "{9D9F5653-2B78-4FF9-942A-15A9AE4B5A81}"
EndProject
Project("{2150E333-8FDC-42A3-9474-1A3956D46DE8}") = "week-1-bomb", "week-1-bomb", "{5CF825C0-FCF0-43D7-8135-CED30224AB87}"
EndProject
Project("{9A19103F-16F7-4668-BE54-9A1E7A4F7556}") = "TatilApp", "week-2\TatilApp\TatilApp.csproj", "{D1A74994-DBFB-4F02-9A49-33A0CD362FD0}"
EndProject
Project("{9A19103F-16F7-4668-BE54-9A1E7A4F7556}") = "MetotApp", "week-2\MetotApp\MetotApp.csproj", "{CC60F4F5-7A10-4D72-891B-806126D1DEA8}"
EndProject
Project("{2150E333-8FDC-42A3-9474-1A3956D46DE8}") = "week-2-bomb", "week-2-bomb", "{3CB513E6-58B7-4209-8DF8-606945192745}"
EndProject
Project("{FAE04EC0-301F-11D3-BF4B-00C04F79EFBC}") = "S02", "week-2-bomb\S02\S02.csproj", "{7FE112A8-D256-414D-A111-D12A1D1D91B8}"
EndProject
Project("{FAE04EC0-301F-11D3-BF4B-00C04F79EFBC}") = "S03", "week-2-bomb\S03\S03.csproj", "{3D90E50F-0D26-40FC-90D4-3247E4771F78}"
EndProject
Project("{FAE04EC0-301F-11D3-BF4B-00C04F79EFBC}") = "S04", "week-2-bomb\S04\S04.csproj", "{356203CF-971E-4F88-967A-AF62D7CBBB7D}"
EndProject
Project("{FAE04EC0-301F-11D3-BF4B-00C04F79EFBC}") = "S05", "week-2-bomb\S05\S05.csproj", "{B76A7FA3-1CE3-4116-87D5-710F48B74D6E}"
EndProject
Project("{FAE04EC0-301F-11D3-BF4B-00C04F79EFBC}") = "S06", "week-2-bomb\S06\S06.csproj", "{1DD02AAE-23AD-43F1-B71F-E271F735EF74}"
EndProject
Project("{FAE04EC0-301F-11D3-BF4B-00C04F79EFBC}") = "S07", "week-2-bomb\S07\S07.csproj", "{2884B678-0BA8-43A6-BC96-060BC7823A1E}"
EndProject
Project("{FAE04EC0-301F-11D3-BF4B-00C04F79EFBC}") = "S08", "week-2-bomb\S08\S08.csproj", "{197619DD-3D6D-4A34-B438-77ADB85CCFCC}"
EndProject
Project("{FAE04EC0-301F-11D3-BF4B-00C04F79EFBC}") = "S01", "week-2-bomb\S01\S01.csproj", "{329B3198-046E-456B-B720-170ACEA32BA2}"
EndProject
Project("{FAE04EC0-301F-11D3-BF4B-00C04F79EFBC}") = "S10", "week-2-bomb\S10\S10.csproj", "{8B6B31F0-B382-436A-A53A-80BE12E327B3}"
EndProject
Project("{FAE04EC0-301F-11D3-BF4B-00C04F79EFBC}") = "S11", "week-2-bomb\S11\S11.csproj", "{E3391770-D8FB-4D16-AD13-F1226D37A1D6}"
EndProject
Project("{FAE04EC0-301F-11D3-BF4B-00C04F79EFBC}") = "S12", "week-2-bomb\S12\S12.csproj", "{C8ED39F7-DBB1-4F9E-AB60-FE0EF7F89AD3}"
EndProject
Project("{FAE04EC0-301F-11D3-BF4B-00C04F79EFBC}") = "S13", "week-2-bomb\S13\S13.csproj", "{3C79034C-797B-4357-9CB6-426858287CE8}"
EndProject
Project("{FAE04EC0-301F-11D3-BF4B-00C04F79EFBC}") = "S14", "week-2-bomb\S14\S14.csproj", "{05A2C237-58CF-4868-9658-4F2F925D4326}"
EndProject
Project("{FAE04EC0-301F-11D3-BF4B-00C04F79EFBC}") = "S15", "week-2-bomb\S15\S15.csproj", "{2E41DCE3-17B8-4633-AAF9-7814529A6F10}"
EndProject
Project("{FAE04EC0-301F-11D3-BF4B-00C04F79EFBC}") = "S16", "week-2-bomb\S16\S16.csproj", "{4ACA9954-F914-449F-9C6F-A1442BB3AB4C}"
EndProject
Project("{FAE04EC0-301F-11D3-BF4B-00C04F79EFBC}") = "S17", "week-2-bomb\S17\S17.csproj", "{6761FF3B-FB7F-4717-A61F-97723E853F1A}"
EndProject
Project("{FAE04EC0-301F-11D3-BF4B-00C04F79EFBC}") = "S18", "week-2-bomb\S18\S18.csproj", "{2FD58BD1-0273-4733-9873-84169F2053A8}"
EndProject
Project("{FAE04EC0-301F-11D3-BF4B-00C04F79EFBC}") = "S09", "week-2-bomb\S09\S09.csproj", "{D95AB784-9AA2-499A-B081-EEB88304212F}"
EndProject
Global
	GlobalSection(SolutionConfigurationPlatforms) = preSolution
		Debug|Any CPU = Debug|Any CPU
		Release|Any CPU = Release|Any CPU
	EndGlobalSection
	GlobalSection(ProjectConfigurationPlatforms) = postSolution
		{B236D288-258A-4627-9587-2CEC389D4E05}.Debug|Any CPU.ActiveCfg = Debug|Any CPU
		{B236D288-258A-4627-9587-2CEC389D4E05}.Debug|Any CPU.Build.0 = Debug|Any CPU
		{B236D288-258A-4627-9587-2CEC389D4E05}.Release|Any CPU.ActiveCfg = Release|Any CPU
		{B236D288-258A-4627-9587-2CEC389D4E05}.Release|Any CPU.Build.0 = Release|Any CPU
		{F583CA48-B012-45FB-A55C-8CD26A7ED557}.Debug|Any CPU.ActiveCfg = Debug|Any CPU
		{F583CA48-B012-45FB-A55C-8CD26A7ED557}.Debug|Any CPU.Build.0 = Debug|Any CPU
		{F583CA48-B012-45FB-A55C-8CD26A7ED557}.Release|Any CPU.ActiveCfg = Release|Any CPU
		{F583CA48-B012-45FB-A55C-8CD26A7ED557}.Release|Any CPU.Build.0 = Release|Any CPU
		{0A8EC24B-0536-4DC8-BB26-A3241462EEA4}.Debug|Any CPU.ActiveCfg = Debug|Any CPU
		{0A8EC24B-0536-4DC8-BB26-A3241462EEA4}.Debug|Any CPU.Build.0 = Debug|Any CPU
		{0A8EC24B-0536-4DC8-BB26-A3241462EEA4}.Release|Any CPU.ActiveCfg = Release|Any CPU
		{0A8EC24B-0536-4DC8-BB26-A3241462EEA4}.Release|Any CPU.Build.0 = Release|Any CPU
		{A0022813-BC45-4C35-B302-DB4D67B8974E}.Debug|Any CPU.ActiveCfg = Debug|Any CPU
		{A0022813-BC45-4C35-B302-DB4D67B8974E}.Debug|Any CPU.Build.0 = Debug|Any CPU
		{A0022813-BC45-4C35-B302-DB4D67B8974E}.Release|Any CPU.ActiveCfg = Release|Any CPU
		{A0022813-BC45-4C35-B302-DB4D67B8974E}.Release|Any CPU.Build.0 = Release|Any CPU
		{6139C08F-D440-4140-8AFF-CBF2769A7769}.Debug|Any CPU.ActiveCfg = Debug|Any CPU
		{6139C08F-D440-4140-8AFF-CBF2769A7769}.Debug|Any CPU.Build.0 = Debug|Any CPU
		{6139C08F-D440-4140-8AFF-CBF2769A7769}.Release|Any CPU.ActiveCfg = Release|Any CPU
		{6139C08F-D440-4140-8AFF-CBF2769A7769}.Release|Any CPU.Build.0 = Release|Any CPU
		{BB7C67F0-4226-4972-B8E4-E0CBA4974B9D}.Debug|Any CPU.ActiveCfg = Debug|Any CPU
		{BB7C67F0-4226-4972-B8E4-E0CBA4974B9D}.Debug|Any CPU.Build.0 = Debug|Any CPU
		{BB7C67F0-4226-4972-B8E4-E0CBA4974B9D}.Release|Any CPU.ActiveCfg = Release|Any CPU
		{BB7C67F0-4226-4972-B8E4-E0CBA4974B9D}.Release|Any CPU.Build.0 = Release|Any CPU
		{E1326604-1B78-44CC-AB70-768B85562E16}.Debug|Any CPU.ActiveCfg = Debug|Any CPU
		{E1326604-1B78-44CC-AB70-768B85562E16}.Debug|Any CPU.Build.0 = Debug|Any CPU
		{E1326604-1B78-44CC-AB70-768B85562E16}.Release|Any CPU.ActiveCfg = Release|Any CPU
		{E1326604-1B78-44CC-AB70-768B85562E16}.Release|Any CPU.Build.0 = Release|Any CPU
		{DA7EE82F-9C05-4EFC-850D-4ED7CE37ADF3}.Debug|Any CPU.ActiveCfg = Debug|Any CPU
		{DA7EE82F-9C05-4EFC-850D-4ED7CE37ADF3}.Debug|Any CPU.Build.0 = Debug|Any CPU
		{DA7EE82F-9C05-4EFC-850D-4ED7CE37ADF3}.Release|Any CPU.ActiveCfg = Release|Any CPU
		{DA7EE82F-9C05-4EFC-850D-4ED7CE37ADF3}.Release|Any CPU.Build.0 = Release|Any CPU
		{D3E7AC84-05FC-414B-9BCC-17F7F0D86257}.Debug|Any CPU.ActiveCfg = Debug|Any CPU
		{D3E7AC84-05FC-414B-9BCC-17F7F0D86257}.Debug|Any CPU.Build.0 = Debug|Any CPU
		{D3E7AC84-05FC-414B-9BCC-17F7F0D86257}.Release|Any CPU.ActiveCfg = Release|Any CPU
		{D3E7AC84-05FC-414B-9BCC-17F7F0D86257}.Release|Any CPU.Build.0 = Release|Any CPU
		{4D42ED05-88E9-45F4-96BF-512BCCE714BC}.Debug|Any CPU.ActiveCfg = Debug|Any CPU
		{4D42ED05-88E9-45F4-96BF-512BCCE714BC}.Debug|Any CPU.Build.0 = Debug|Any CPU
		{4D42ED05-88E9-45F4-96BF-512BCCE714BC}.Release|Any CPU.ActiveCfg = Release|Any CPU
		{4D42ED05-88E9-45F4-96BF-512BCCE714BC}.Release|Any CPU.Build.0 = Release|Any CPU
		{B8F7913D-9857-4C27-B564-F2CFEF068DD6}.Debug|Any CPU.ActiveCfg = Debug|Any CPU
		{B8F7913D-9857-4C27-B564-F2CFEF068DD6}.Debug|Any CPU.Build.0 = Debug|Any CPU
		{B8F7913D-9857-4C27-B564-F2CFEF068DD6}.Release|Any CPU.ActiveCfg = Release|Any CPU
		{B8F7913D-9857-4C27-B564-F2CFEF068DD6}.Release|Any CPU.Build.0 = Release|Any CPU
		{A65E0854-37E2-4C02-B524-C2768A682329}.Debug|Any CPU.ActiveCfg = Debug|Any CPU
		{A65E0854-37E2-4C02-B524-C2768A682329}.Debug|Any CPU.Build.0 = Debug|Any CPU
		{A65E0854-37E2-4C02-B524-C2768A682329}.Release|Any CPU.ActiveCfg = Release|Any CPU
		{A65E0854-37E2-4C02-B524-C2768A682329}.Release|Any CPU.Build.0 = Release|Any CPU
		{2D8C8926-6E4C-4EA6-AF24-B402840AAB98}.Debug|Any CPU.ActiveCfg = Debug|Any CPU
		{2D8C8926-6E4C-4EA6-AF24-B402840AAB98}.Debug|Any CPU.Build.0 = Debug|Any CPU
		{2D8C8926-6E4C-4EA6-AF24-B402840AAB98}.Release|Any CPU.ActiveCfg = Release|Any CPU
		{2D8C8926-6E4C-4EA6-AF24-B402840AAB98}.Release|Any CPU.Build.0 = Release|Any CPU
		{74084DAD-3241-44EB-B037-C878FD4F7EC6}.Debug|Any CPU.ActiveCfg = Debug|Any CPU
		{74084DAD-3241-44EB-B037-C878FD4F7EC6}.Debug|Any CPU.Build.0 = Debug|Any CPU
		{74084DAD-3241-44EB-B037-C878FD4F7EC6}.Release|Any CPU.ActiveCfg = Release|Any CPU
		{74084DAD-3241-44EB-B037-C878FD4F7EC6}.Release|Any CPU.Build.0 = Release|Any CPU
		{939929E0-4FB5-457B-889B-64D3A0FB1DDC}.Debug|Any CPU.ActiveCfg = Debug|Any CPU
		{939929E0-4FB5-457B-889B-64D3A0FB1DDC}.Debug|Any CPU.Build.0 = Debug|Any CPU
		{939929E0-4FB5-457B-889B-64D3A0FB1DDC}.Release|Any CPU.ActiveCfg = Release|Any CPU
		{939929E0-4FB5-457B-889B-64D3A0FB1DDC}.Release|Any CPU.Build.0 = Release|Any CPU
		{08B05721-7850-4485-AF7F-B0E3CC2B4913}.Debug|Any CPU.ActiveCfg = Debug|Any CPU
		{08B05721-7850-4485-AF7F-B0E3CC2B4913}.Debug|Any CPU.Build.0 = Debug|Any CPU
		{08B05721-7850-4485-AF7F-B0E3CC2B4913}.Release|Any CPU.ActiveCfg = Release|Any CPU
		{08B05721-7850-4485-AF7F-B0E3CC2B4913}.Release|Any CPU.Build.0 = Release|Any CPU
		{460A8DCB-1472-4945-9B8A-4EC4580189E4}.Debug|Any CPU.ActiveCfg = Debug|Any CPU
		{460A8DCB-1472-4945-9B8A-4EC4580189E4}.Debug|Any CPU.Build.0 = Debug|Any CPU
		{460A8DCB-1472-4945-9B8A-4EC4580189E4}.Release|Any CPU.ActiveCfg = Release|Any CPU
		{460A8DCB-1472-4945-9B8A-4EC4580189E4}.Release|Any CPU.Build.0 = Release|Any CPU
		{F1F08F8C-5127-4A26-B828-26953F7A41AA}.Debug|Any CPU.ActiveCfg = Debug|Any CPU
		{F1F08F8C-5127-4A26-B828-26953F7A41AA}.Debug|Any CPU.Build.0 = Debug|Any CPU
		{F1F08F8C-5127-4A26-B828-26953F7A41AA}.Release|Any CPU.ActiveCfg = Release|Any CPU
		{F1F08F8C-5127-4A26-B828-26953F7A41AA}.Release|Any CPU.Build.0 = Release|Any CPU
		{D1A74994-DBFB-4F02-9A49-33A0CD362FD0}.Debug|Any CPU.ActiveCfg = Debug|Any CPU
		{D1A74994-DBFB-4F02-9A49-33A0CD362FD0}.Debug|Any CPU.Build.0 = Debug|Any CPU
		{D1A74994-DBFB-4F02-9A49-33A0CD362FD0}.Release|Any CPU.ActiveCfg = Release|Any CPU
		{D1A74994-DBFB-4F02-9A49-33A0CD362FD0}.Release|Any CPU.Build.0 = Release|Any CPU
		{CC60F4F5-7A10-4D72-891B-806126D1DEA8}.Debug|Any CPU.ActiveCfg = Debug|Any CPU
		{CC60F4F5-7A10-4D72-891B-806126D1DEA8}.Debug|Any CPU.Build.0 = Debug|Any CPU
		{CC60F4F5-7A10-4D72-891B-806126D1DEA8}.Release|Any CPU.ActiveCfg = Release|Any CPU
		{CC60F4F5-7A10-4D72-891B-806126D1DEA8}.Release|Any CPU.Build.0 = Release|Any CPU
		{7FE112A8-D256-414D-A111-D12A1D1D91B8}.Debug|Any CPU.ActiveCfg = Debug|Any CPU
		{7FE112A8-D256-414D-A111-D12A1D1D91B8}.Debug|Any CPU.Build.0 = Debug|Any CPU
		{7FE112A8-D256-414D-A111-D12A1D1D91B8}.Release|Any CPU.ActiveCfg = Release|Any CPU
		{7FE112A8-D256-414D-A111-D12A1D1D91B8}.Release|Any CPU.Build.0 = Release|Any CPU
		{3D90E50F-0D26-40FC-90D4-3247E4771F78}.Debug|Any CPU.ActiveCfg = Debug|Any CPU
		{3D90E50F-0D26-40FC-90D4-3247E4771F78}.Debug|Any CPU.Build.0 = Debug|Any CPU
		{3D90E50F-0D26-40FC-90D4-3247E4771F78}.Release|Any CPU.ActiveCfg = Release|Any CPU
		{3D90E50F-0D26-40FC-90D4-3247E4771F78}.Release|Any CPU.Build.0 = Release|Any CPU
		{356203CF-971E-4F88-967A-AF62D7CBBB7D}.Debug|Any CPU.ActiveCfg = Debug|Any CPU
		{356203CF-971E-4F88-967A-AF62D7CBBB7D}.Debug|Any CPU.Build.0 = Debug|Any CPU
		{356203CF-971E-4F88-967A-AF62D7CBBB7D}.Release|Any CPU.ActiveCfg = Release|Any CPU
		{356203CF-971E-4F88-967A-AF62D7CBBB7D}.Release|Any CPU.Build.0 = Release|Any CPU
		{B76A7FA3-1CE3-4116-87D5-710F48B74D6E}.Debug|Any CPU.ActiveCfg = Debug|Any CPU
		{B76A7FA3-1CE3-4116-87D5-710F48B74D6E}.Debug|Any CPU.Build.0 = Debug|Any CPU
		{B76A7FA3-1CE3-4116-87D5-710F48B74D6E}.Release|Any CPU.ActiveCfg = Release|Any CPU
		{B76A7FA3-1CE3-4116-87D5-710F48B74D6E}.Release|Any CPU.Build.0 = Release|Any CPU
		{1DD02AAE-23AD-43F1-B71F-E271F735EF74}.Debug|Any CPU.ActiveCfg = Debug|Any CPU
		{1DD02AAE-23AD-43F1-B71F-E271F735EF74}.Debug|Any CPU.Build.0 = Debug|Any CPU
		{1DD02AAE-23AD-43F1-B71F-E271F735EF74}.Release|Any CPU.ActiveCfg = Release|Any CPU
		{1DD02AAE-23AD-43F1-B71F-E271F735EF74}.Release|Any CPU.Build.0 = Release|Any CPU
		{2884B678-0BA8-43A6-BC96-060BC7823A1E}.Debug|Any CPU.ActiveCfg = Debug|Any CPU
		{2884B678-0BA8-43A6-BC96-060BC7823A1E}.Debug|Any CPU.Build.0 = Debug|Any CPU
		{2884B678-0BA8-43A6-BC96-060BC7823A1E}.Release|Any CPU.ActiveCfg = Release|Any CPU
		{2884B678-0BA8-43A6-BC96-060BC7823A1E}.Release|Any CPU.Build.0 = Release|Any CPU
		{197619DD-3D6D-4A34-B438-77ADB85CCFCC}.Debug|Any CPU.ActiveCfg = Debug|Any CPU
		{197619DD-3D6D-4A34-B438-77ADB85CCFCC}.Debug|Any CPU.Build.0 = Debug|Any CPU
		{197619DD-3D6D-4A34-B438-77ADB85CCFCC}.Release|Any CPU.ActiveCfg = Release|Any CPU
		{197619DD-3D6D-4A34-B438-77ADB85CCFCC}.Release|Any CPU.Build.0 = Release|Any CPU
		{329B3198-046E-456B-B720-170ACEA32BA2}.Debug|Any CPU.ActiveCfg = Debug|Any CPU
		{329B3198-046E-456B-B720-170ACEA32BA2}.Debug|Any CPU.Build.0 = Debug|Any CPU
		{329B3198-046E-456B-B720-170ACEA32BA2}.Release|Any CPU.ActiveCfg = Release|Any CPU
		{329B3198-046E-456B-B720-170ACEA32BA2}.Release|Any CPU.Build.0 = Release|Any CPU
		{8B6B31F0-B382-436A-A53A-80BE12E327B3}.Debug|Any CPU.ActiveCfg = Debug|Any CPU
		{8B6B31F0-B382-436A-A53A-80BE12E327B3}.Debug|Any CPU.Build.0 = Debug|Any CPU
		{8B6B31F0-B382-436A-A53A-80BE12E327B3}.Release|Any CPU.ActiveCfg = Release|Any CPU
		{8B6B31F0-B382-436A-A53A-80BE12E327B3}.Release|Any CPU.Build.0 = Release|Any CPU
		{E3391770-D8FB-4D16-AD13-F1226D37A1D6}.Debug|Any CPU.ActiveCfg = Debug|Any CPU
		{E3391770-D8FB-4D16-AD13-F1226D37A1D6}.Debug|Any CPU.Build.0 = Debug|Any CPU
		{E3391770-D8FB-4D16-AD13-F1226D37A1D6}.Release|Any CPU.ActiveCfg = Release|Any CPU
		{E3391770-D8FB-4D16-AD13-F1226D37A1D6}.Release|Any CPU.Build.0 = Release|Any CPU
		{C8ED39F7-DBB1-4F9E-AB60-FE0EF7F89AD3}.Debug|Any CPU.ActiveCfg = Debug|Any CPU
		{C8ED39F7-DBB1-4F9E-AB60-FE0EF7F89AD3}.Debug|Any CPU.Build.0 = Debug|Any CPU
		{C8ED39F7-DBB1-4F9E-AB60-FE0EF7F89AD3}.Release|Any CPU.ActiveCfg = Release|Any CPU
		{C8ED39F7-DBB1-4F9E-AB60-FE0EF7F89AD3}.Release|Any CPU.Build.0 = Release|Any CPU
		{3C79034C-797B-4357-9CB6-426858287CE8}.Debug|Any CPU.ActiveCfg = Debug|Any CPU
		{3C79034C-797B-4357-9CB6-426858287CE8}.Debug|Any CPU.Build.0 = Debug|Any CPU
		{3C79034C-797B-4357-9CB6-426858287CE8}.Release|Any CPU.ActiveCfg = Release|Any CPU
		{3C79034C-797B-4357-9CB6-426858287CE8}.Release|Any CPU.Build.0 = Release|Any CPU
		{05A2C237-58CF-4868-9658-4F2F925D4326}.Debug|Any CPU.ActiveCfg = Debug|Any CPU
		{05A2C237-58CF-4868-9658-4F2F925D4326}.Debug|Any CPU.Build.0 = Debug|Any CPU
		{05A2C237-58CF-4868-9658-4F2F925D4326}.Release|Any CPU.ActiveCfg = Release|Any CPU
		{05A2C237-58CF-4868-9658-4F2F925D4326}.Release|Any CPU.Build.0 = Release|Any CPU
		{2E41DCE3-17B8-4633-AAF9-7814529A6F10}.Debug|Any CPU.ActiveCfg = Debug|Any CPU
		{2E41DCE3-17B8-4633-AAF9-7814529A6F10}.Debug|Any CPU.Build.0 = Debug|Any CPU
		{2E41DCE3-17B8-4633-AAF9-7814529A6F10}.Release|Any CPU.ActiveCfg = Release|Any CPU
		{2E41DCE3-17B8-4633-AAF9-7814529A6F10}.Release|Any CPU.Build.0 = Release|Any CPU
		{4ACA9954-F914-449F-9C6F-A1442BB3AB4C}.Debug|Any CPU.ActiveCfg = Debug|Any CPU
		{4ACA9954-F914-449F-9C6F-A1442BB3AB4C}.Debug|Any CPU.Build.0 = Debug|Any CPU
		{4ACA9954-F914-449F-9C6F-A1442BB3AB4C}.Release|Any CPU.ActiveCfg = Release|Any CPU
		{4ACA9954-F914-449F-9C6F-A1442BB3AB4C}.Release|Any CPU.Build.0 = Release|Any CPU
		{6761FF3B-FB7F-4717-A61F-97723E853F1A}.Debug|Any CPU.ActiveCfg = Debug|Any CPU
		{6761FF3B-FB7F-4717-A61F-97723E853F1A}.Debug|Any CPU.Build.0 = Debug|Any CPU
		{6761FF3B-FB7F-4717-A61F-97723E853F1A}.Release|Any CPU.ActiveCfg = Release|Any CPU
		{6761FF3B-FB7F-4717-A61F-97723E853F1A}.Release|Any CPU.Build.0 = Release|Any CPU
		{2FD58BD1-0273-4733-9873-84169F2053A8}.Debug|Any CPU.ActiveCfg = Debug|Any CPU
		{2FD58BD1-0273-4733-9873-84169F2053A8}.Debug|Any CPU.Build.0 = Debug|Any CPU
		{2FD58BD1-0273-4733-9873-84169F2053A8}.Release|Any CPU.ActiveCfg = Release|Any CPU
		{2FD58BD1-0273-4733-9873-84169F2053A8}.Release|Any CPU.Build.0 = Release|Any CPU
		{D95AB784-9AA2-499A-B081-EEB88304212F}.Debug|Any CPU.ActiveCfg = Debug|Any CPU
		{D95AB784-9AA2-499A-B081-EEB88304212F}.Debug|Any CPU.Build.0 = Debug|Any CPU
		{D95AB784-9AA2-499A-B081-EEB88304212F}.Release|Any CPU.ActiveCfg = Release|Any CPU
		{D95AB784-9AA2-499A-B081-EEB88304212F}.Release|Any CPU.Build.0 = Release|Any CPU
	EndGlobalSection
	GlobalSection(SolutionProperties) = preSolution
		HideSolutionNode = FALSE
	EndGlobalSection
	GlobalSection(NestedProjects) = preSolution
		{B236D288-258A-4627-9587-2CEC389D4E05} = {2C7FEEDE-A67F-46A8-BE7A-40DDAC770B34}
		{F583CA48-B012-45FB-A55C-8CD26A7ED557} = {2C7FEEDE-A67F-46A8-BE7A-40DDAC770B34}
		{0A8EC24B-0536-4DC8-BB26-A3241462EEA4} = {2C7FEEDE-A67F-46A8-BE7A-40DDAC770B34}
		{A0022813-BC45-4C35-B302-DB4D67B8974E} = {2C7FEEDE-A67F-46A8-BE7A-40DDAC770B34}
		{6139C08F-D440-4140-8AFF-CBF2769A7769} = {2C7FEEDE-A67F-46A8-BE7A-40DDAC770B34}
		{BB7C67F0-4226-4972-B8E4-E0CBA4974B9D} = {5CF825C0-FCF0-43D7-8135-CED30224AB87}
		{E1326604-1B78-44CC-AB70-768B85562E16} = {5CF825C0-FCF0-43D7-8135-CED30224AB87}
		{DA7EE82F-9C05-4EFC-850D-4ED7CE37ADF3} = {5CF825C0-FCF0-43D7-8135-CED30224AB87}
		{D3E7AC84-05FC-414B-9BCC-17F7F0D86257} = {5CF825C0-FCF0-43D7-8135-CED30224AB87}
		{4D42ED05-88E9-45F4-96BF-512BCCE714BC} = {5CF825C0-FCF0-43D7-8135-CED30224AB87}
		{B8F7913D-9857-4C27-B564-F2CFEF068DD6} = {5CF825C0-FCF0-43D7-8135-CED30224AB87}
		{A65E0854-37E2-4C02-B524-C2768A682329} = {5CF825C0-FCF0-43D7-8135-CED30224AB87}
		{2D8C8926-6E4C-4EA6-AF24-B402840AAB98} = {5CF825C0-FCF0-43D7-8135-CED30224AB87}
		{74084DAD-3241-44EB-B037-C878FD4F7EC6} = {5CF825C0-FCF0-43D7-8135-CED30224AB87}
		{939929E0-4FB5-457B-889B-64D3A0FB1DDC} = {5CF825C0-FCF0-43D7-8135-CED30224AB87}
		{08B05721-7850-4485-AF7F-B0E3CC2B4913} = {9D9F5653-2B78-4FF9-942A-15A9AE4B5A81}
		{460A8DCB-1472-4945-9B8A-4EC4580189E4} = {9D9F5653-2B78-4FF9-942A-15A9AE4B5A81}
		{F1F08F8C-5127-4A26-B828-26953F7A41AA} = {9D9F5653-2B78-4FF9-942A-15A9AE4B5A81}
		{D1A74994-DBFB-4F02-9A49-33A0CD362FD0} = {9D9F5653-2B78-4FF9-942A-15A9AE4B5A81}
		{CC60F4F5-7A10-4D72-891B-806126D1DEA8} = {9D9F5653-2B78-4FF9-942A-15A9AE4B5A81}
		{7FE112A8-D256-414D-A111-D12A1D1D91B8} = {3CB513E6-58B7-4209-8DF8-606945192745}
		{3D90E50F-0D26-40FC-90D4-3247E4771F78} = {3CB513E6-58B7-4209-8DF8-606945192745}
		{356203CF-971E-4F88-967A-AF62D7CBBB7D} = {3CB513E6-58B7-4209-8DF8-606945192745}
		{B76A7FA3-1CE3-4116-87D5-710F48B74D6E} = {3CB513E6-58B7-4209-8DF8-606945192745}
		{1DD02AAE-23AD-43F1-B71F-E271F735EF74} = {3CB513E6-58B7-4209-8DF8-606945192745}
		{2884B678-0BA8-43A6-BC96-060BC7823A1E} = {3CB513E6-58B7-4209-8DF8-606945192745}
		{197619DD-3D6D-4A34-B438-77ADB85CCFCC} = {3CB513E6-58B7-4209-8DF8-606945192745}
		{329B3198-046E-456B-B720-170ACEA32BA2} = {3CB513E6-58B7-4209-8DF8-606945192745}
		{8B6B31F0-B382-436A-A53A-80BE12E327B3} = {3CB513E6-58B7-4209-8DF8-606945192745}
		{E3391770-D8FB-4D16-AD13-F1226D37A1D6} = {3CB513E6-58B7-4209-8DF8-606945192745}
		{C8ED39F7-DBB1-4F9E-AB60-FE0EF7F89AD3} = {3CB513E6-58B7-4209-8DF8-606945192745}
		{3C79034C-797B-4357-9CB6-426858287CE8} = {3CB513E6-58B7-4209-8DF8-606945192745}
		{05A2C237-58CF-4868-9658-4F2F925D4326} = {3CB513E6-58B7-4209-8DF8-606945192745}
		{2E41DCE3-17B8-4633-AAF9-7814529A6F10} = {3CB513E6-58B7-4209-8DF8-606945192745}
		{4ACA9954-F914-449F-9C6F-A1442BB3AB4C} = {3CB513E6-58B7-4209-8DF8-606945192745}
		{6761FF3B-FB7F-4717-A61F-97723E853F1A} = {3CB513E6-58B7-4209-8DF8-606945192745}
		{2FD58BD1-0273-4733-9873-84169F2053A8} = {3CB513E6-58B7-4209-8DF8-606945192745}
		{D95AB784-9AA2-499A-B081-EEB88304212F} = {3CB513E6-58B7-4209-8DF8-606945192745}
	EndGlobalSection
	GlobalSection(ExtensibilityGlobals) = postSolution
		SolutionGuid = {58D19E0E-C3A4-40AA-A636-429950FBE7A2}
	EndGlobalSection
EndGlobal
