
Microsoft Visual Studio Solution File, Format Version 12.00
# Visual Studio Version 17
VisualStudioVersion = 17.11.35312.102
MinimumVisualStudioVersion = 10.0.40219.1
Project("{2150E333-8FDC-42A3-9474-1A3956D46DE8}") = "week-1", "week-1", "{2C7FEEDE-A67F-46A8-BE7A-40DDAC770B34}"
EndProject
Project("{9A19103F-16F7-4668-BE54-9A1E7A4F7556}") = "FirstApp", "week-1\FirstApp\FirstApp.csproj", "{B236D288-258A-4627-9587-2CEC389D4E05}"
EndProject
Project("{9A19103F-16F7-4668-BE54-9A1E7A4F7556}") = "VariablesApp", "week-1\VariablesApp\VariablesApp.csproj", "{F583CA48-B012-45FB-A55C-8CD26A7ED557}"
EndProject
Project("{FAE04EC0-301F-11D3-BF4B-00C04F79EFBC}") = "ElseIf", "week-1\ElseIf\ElseIf.csproj", "{0A8EC24B-0536-4DC8-BB26-A3241462EEA4}"
EndProject
Project("{FAE04EC0-301F-11D3-BF4B-00C04F79EFBC}") = "ManavAppSwitchCase", "week-1\SwitchCase\ManavAppSwitchCase.csproj", "{A0022813-BC45-4C35-B302-DB4D67B8974E}"
EndProject
Project("{FAE04EC0-301F-11D3-BF4B-00C04F79EFBC}") = "KimMilyonerOlmakIsterApp", "week-1\KimMilyonerOlmakİsterApp\KimMilyonerOlmakIsterApp.csproj", "{6139C08F-D440-4140-8AFF-CBF2769A7769}"
EndProject
Project("{FAE04EC0-301F-11D3-BF4B-00C04F79EFBC}") = "S02Toplama", "week-1-bomb\S02Toplama\S02Toplama.csproj", "{BB7C67F0-4226-4972-B8E4-E0CBA4974B9D}"
EndProject
Project("{FAE04EC0-301F-11D3-BF4B-00C04F79EFBC}") = "S03YasSorgulama", "week-1-bomb\S03YasSorgulama\S03YasSorgulama.csproj", "{E1326604-1B78-44CC-AB70-768B85562E16}"
EndProject
Project("{FAE04EC0-301F-11D3-BF4B-00C04F79EFBC}") = "S04TekCıft", "week-1-bomb\S04TekCıft\S04TekCıft.csproj", "{D3E7AC84-05FC-414B-9BCC-17F7F0D86257}"
EndProject
Project("{FAE04EC0-301F-11D3-BF4B-00C04F79EFBC}") = "S01HelloWorld", "week-1-bomb\S01HelloWorld\S01HelloWorld.csproj", "{DA7EE82F-9C05-4EFC-850D-4ED7CE37ADF3}"
EndProject
Project("{FAE04EC0-301F-11D3-BF4B-00C04F79EFBC}") = "S05Sicaklik", "week-1-bomb\S05Sicaklik\S05Sicaklik.csproj", "{4D42ED05-88E9-45F4-96BF-512BCCE714BC}"
EndProject
Project("{FAE04EC0-301F-11D3-BF4B-00C04F79EFBC}") = "S07Not", "week-1-bomb\S07Not\S07Not.csproj", "{B8F7913D-9857-4C27-B564-F2CFEF068DD6}"
EndProject
Project("{FAE04EC0-301F-11D3-BF4B-00C04F79EFBC}") = "S08Ay", "week-1-bomb\S08Ay\S08Ay.csproj", "{A65E0854-37E2-4C02-B524-C2768A682329}"
EndProject
Project("{FAE04EC0-301F-11D3-BF4B-00C04F79EFBC}") = "S06Gun", "week-1-bomb\S06Gun\S06Gun.csproj", "{2D8C8926-6E4C-4EA6-AF24-B402840AAB98}"
EndProject
Project("{FAE04EC0-301F-11D3-BF4B-00C04F79EFBC}") = "S09Sifre", "week-1-bomb\S09Sifre\S09Sifre.csproj", "{74084DAD-3241-44EB-B037-C878FD4F7EC6}"
EndProject
Project("{FAE04EC0-301F-11D3-BF4B-00C04F79EFBC}") = "S10Islem", "week-1-bomb\S10Islem\S10Islem.csproj", "{939929E0-4FB5-457B-889B-64D3A0FB1DDC}"
EndProject
Project("{FAE04EC0-301F-11D3-BF4B-00C04F79EFBC}") = "ForApp", "week-2\ForApp\ForApp.csproj", "{08B05721-7850-4485-AF7F-B0E3CC2B4913}"
EndProject
Project("{FAE04EC0-301F-11D3-BF4B-00C04F79EFBC}") = "WhileApp", "week-2\WhileApp\WhileApp.csproj", "{460A8DCB-1472-4945-9B8A-4EC4580189E4}"
EndProject
Project("{FAE04EC0-301F-11D3-BF4B-00C04F79EFBC}") = "DoWhile", "week-2\DoWhile\DoWhile.csproj", "{F1F08F8C-5127-4A26-B828-26953F7A41AA}"
EndProject
Global
	GlobalSection(SolutionConfigurationPlatforms) = preSolution
		Debug|Any CPU = Debug|Any CPU
		Release|Any CPU = Release|Any CPU
	EndGlobalSection
	GlobalSection(ProjectConfigurationPlatforms) = postSolution
		{B236D288-258A-4627-9587-2CEC389D4E05}.Debug|Any CPU.ActiveCfg = Debug|Any CPU
		{B236D288-258A-4627-9587-2CEC389D4E05}.Debug|Any CPU.Build.0 = Debug|Any CPU
		{B236D288-258A-4627-9587-2CEC389D4E05}.Release|Any CPU.ActiveCfg = Release|Any CPU
		{B236D288-258A-4627-9587-2CEC389D4E05}.Release|Any CPU.Build.0 = Release|Any CPU
		{F583CA48-B012-45FB-A55C-8CD26A7ED557}.Debug|Any CPU.ActiveCfg = Debug|Any CPU
		{F583CA48-B012-45FB-A55C-8CD26A7ED557}.Debug|Any CPU.Build.0 = Debug|Any CPU
		{F583CA48-B012-45FB-A55C-8CD26A7ED557}.Release|Any CPU.ActiveCfg = Release|Any CPU
		{F583CA48-B012-45FB-A55C-8CD26A7ED557}.Release|Any CPU.Build.0 = Release|Any CPU
		{0A8EC24B-0536-4DC8-BB26-A3241462EEA4}.Debug|Any CPU.ActiveCfg = Debug|Any CPU
		{0A8EC24B-0536-4DC8-BB26-A3241462EEA4}.Debug|Any CPU.Build.0 = Debug|Any CPU
		{0A8EC24B-0536-4DC8-BB26-A3241462EEA4}.Release|Any CPU.ActiveCfg = Release|Any CPU
		{0A8EC24B-0536-4DC8-BB26-A3241462EEA4}.Release|Any CPU.Build.0 = Release|Any CPU
		{A0022813-BC45-4C35-B302-DB4D67B8974E}.Debug|Any CPU.ActiveCfg = Debug|Any CPU
		{A0022813-BC45-4C35-B302-DB4D67B8974E}.Debug|Any CPU.Build.0 = Debug|Any CPU
		{A0022813-BC45-4C35-B302-DB4D67B8974E}.Release|Any CPU.ActiveCfg = Release|Any CPU
		{A0022813-BC45-4C35-B302-DB4D67B8974E}.Release|Any CPU.Build.0 = Release|Any CPU
		{6139C08F-D440-4140-8AFF-CBF2769A7769}.Debug|Any CPU.ActiveCfg = Debug|Any CPU
		{6139C08F-D440-4140-8AFF-CBF2769A7769}.Debug|Any CPU.Build.0 = Debug|Any CPU
		{6139C08F-D440-4140-8AFF-CBF2769A7769}.Release|Any CPU.ActiveCfg = Release|Any CPU
		{6139C08F-D440-4140-8AFF-CBF2769A7769}.Release|Any CPU.Build.0 = Release|Any CPU
		{BB7C67F0-4226-4972-B8E4-E0CBA4974B9D}.Debug|Any CPU.ActiveCfg = Debug|Any CPU
		{BB7C67F0-4226-4972-B8E4-E0CBA4974B9D}.Debug|Any CPU.Build.0 = Debug|Any CPU
		{BB7C67F0-4226-4972-B8E4-E0CBA4974B9D}.Release|Any CPU.ActiveCfg = Release|Any CPU
		{BB7C67F0-4226-4972-B8E4-E0CBA4974B9D}.Release|Any CPU.Build.0 = Release|Any CPU
		{E1326604-1B78-44CC-AB70-768B85562E16}.Debug|Any CPU.ActiveCfg = Debug|Any CPU
		{E1326604-1B78-44CC-AB70-768B85562E16}.Debug|Any CPU.Build.0 = Debug|Any CPU
		{E1326604-1B78-44CC-AB70-768B85562E16}.Release|Any CPU.ActiveCfg = Release|Any CPU
		{E1326604-1B78-44CC-AB70-768B85562E16}.Release|Any CPU.Build.0 = Release|Any CPU
		{D3E7AC84-05FC-414B-9BCC-17F7F0D86257}.Debug|Any CPU.ActiveCfg = Debug|Any CPU
		{D3E7AC84-05FC-414B-9BCC-17F7F0D86257}.Debug|Any CPU.Build.0 = Debug|Any CPU
		{D3E7AC84-05FC-414B-9BCC-17F7F0D86257}.Release|Any CPU.ActiveCfg = Release|Any CPU
		{D3E7AC84-05FC-414B-9BCC-17F7F0D86257}.Release|Any CPU.Build.0 = Release|Any CPU
		{DA7EE82F-9C05-4EFC-850D-4ED7CE37ADF3}.Debug|Any CPU.ActiveCfg = Debug|Any CPU
		{DA7EE82F-9C05-4EFC-850D-4ED7CE37ADF3}.Debug|Any CPU.Build.0 = Debug|Any CPU
		{DA7EE82F-9C05-4EFC-850D-4ED7CE37ADF3}.Release|Any CPU.ActiveCfg = Release|Any CPU
		{DA7EE82F-9C05-4EFC-850D-4ED7CE37ADF3}.Release|Any CPU.Build.0 = Release|Any CPU
		{4D42ED05-88E9-45F4-96BF-512BCCE714BC}.Debug|Any CPU.ActiveCfg = Debug|Any CPU
		{4D42ED05-88E9-45F4-96BF-512BCCE714BC}.Debug|Any CPU.Build.0 = Debug|Any CPU
		{4D42ED05-88E9-45F4-96BF-512BCCE714BC}.Release|Any CPU.ActiveCfg = Release|Any CPU
		{4D42ED05-88E9-45F4-96BF-512BCCE714BC}.Release|Any CPU.Build.0 = Release|Any CPU
		{B8F7913D-9857-4C27-B564-F2CFEF068DD6}.Debug|Any CPU.ActiveCfg = Debug|Any CPU
		{B8F7913D-9857-4C27-B564-F2CFEF068DD6}.Debug|Any CPU.Build.0 = Debug|Any CPU
		{B8F7913D-9857-4C27-B564-F2CFEF068DD6}.Release|Any CPU.ActiveCfg = Release|Any CPU
		{B8F7913D-9857-4C27-B564-F2CFEF068DD6}.Release|Any CPU.Build.0 = Release|Any CPU
		{A65E0854-37E2-4C02-B524-C2768A682329}.Debug|Any CPU.ActiveCfg = Debug|Any CPU
		{A65E0854-37E2-4C02-B524-C2768A682329}.Debug|Any CPU.Build.0 = Debug|Any CPU
		{A65E0854-37E2-4C02-B524-C2768A682329}.Release|Any CPU.ActiveCfg = Release|Any CPU
		{A65E0854-37E2-4C02-B524-C2768A682329}.Release|Any CPU.Build.0 = Release|Any CPU
		{2D8C8926-6E4C-4EA6-AF24-B402840AAB98}.Debug|Any CPU.ActiveCfg = Debug|Any CPU
		{2D8C8926-6E4C-4EA6-AF24-B402840AAB98}.Debug|Any CPU.Build.0 = Debug|Any CPU
		{2D8C8926-6E4C-4EA6-AF24-B402840AAB98}.Release|Any CPU.ActiveCfg = Release|Any CPU
		{2D8C8926-6E4C-4EA6-AF24-B402840AAB98}.Release|Any CPU.Build.0 = Release|Any CPU
		{74084DAD-3241-44EB-B037-C878FD4F7EC6}.Debug|Any CPU.ActiveCfg = Debug|Any CPU
		{74084DAD-3241-44EB-B037-C878FD4F7EC6}.Debug|Any CPU.Build.0 = Debug|Any CPU
		{74084DAD-3241-44EB-B037-C878FD4F7EC6}.Release|Any CPU.ActiveCfg = Release|Any CPU
		{74084DAD-3241-44EB-B037-C878FD4F7EC6}.Release|Any CPU.Build.0 = Release|Any CPU
		{939929E0-4FB5-457B-889B-64D3A0FB1DDC}.Debug|Any CPU.ActiveCfg = Debug|Any CPU
		{939929E0-4FB5-457B-889B-64D3A0FB1DDC}.Debug|Any CPU.Build.0 = Debug|Any CPU
		{939929E0-4FB5-457B-889B-64D3A0FB1DDC}.Release|Any CPU.ActiveCfg = Release|Any CPU
		{939929E0-4FB5-457B-889B-64D3A0FB1DDC}.Release|Any CPU.Build.0 = Release|Any CPU
		{08B05721-7850-4485-AF7F-B0E3CC2B4913}.Debug|Any CPU.ActiveCfg = Debug|Any CPU
		{08B05721-7850-4485-AF7F-B0E3CC2B4913}.Debug|Any CPU.Build.0 = Debug|Any CPU
		{08B05721-7850-4485-AF7F-B0E3CC2B4913}.Release|Any CPU.ActiveCfg = Release|Any CPU
		{08B05721-7850-4485-AF7F-B0E3CC2B4913}.Release|Any CPU.Build.0 = Release|Any CPU
		{460A8DCB-1472-4945-9B8A-4EC4580189E4}.Debug|Any CPU.ActiveCfg = Debug|Any CPU
		{460A8DCB-1472-4945-9B8A-4EC4580189E4}.Debug|Any CPU.Build.0 = Debug|Any CPU
		{460A8DCB-1472-4945-9B8A-4EC4580189E4}.Release|Any CPU.ActiveCfg = Release|Any CPU
		{460A8DCB-1472-4945-9B8A-4EC4580189E4}.Release|Any CPU.Build.0 = Release|Any CPU
		{F1F08F8C-5127-4A26-B828-26953F7A41AA}.Debug|Any CPU.ActiveCfg = Debug|Any CPU
		{F1F08F8C-5127-4A26-B828-26953F7A41AA}.Debug|Any CPU.Build.0 = Debug|Any CPU
		{F1F08F8C-5127-4A26-B828-26953F7A41AA}.Release|Any CPU.ActiveCfg = Release|Any CPU
		{F1F08F8C-5127-4A26-B828-26953F7A41AA}.Release|Any CPU.Build.0 = Release|Any CPU
	EndGlobalSection
	GlobalSection(SolutionProperties) = preSolution
		HideSolutionNode = FALSE
	EndGlobalSection
	GlobalSection(NestedProjects) = preSolution
		{B236D288-258A-4627-9587-2CEC389D4E05} = {2C7FEEDE-A67F-46A8-BE7A-40DDAC770B34}
		{F583CA48-B012-45FB-A55C-8CD26A7ED557} = {2C7FEEDE-A67F-46A8-BE7A-40DDAC770B34}
		{0A8EC24B-0536-4DC8-BB26-A3241462EEA4} = {2C7FEEDE-A67F-46A8-BE7A-40DDAC770B34}
		{A0022813-BC45-4C35-B302-DB4D67B8974E} = {2C7FEEDE-A67F-46A8-BE7A-40DDAC770B34}
		{6139C08F-D440-4140-8AFF-CBF2769A7769} = {2C7FEEDE-A67F-46A8-BE7A-40DDAC770B34}
	EndGlobalSection
	GlobalSection(ExtensibilityGlobals) = postSolution
		SolutionGuid = {58D19E0E-C3A4-40AA-A636-429950FBE7A2}
	EndGlobalSection
EndGlobal
