
Microsoft Visual Studio Solution File, Format Version 12.00
# Visual Studio Version 17
VisualStudioVersion = 17.11.35327.3
MinimumVisualStudioVersion = 10.0.40219.1
Project("{FAE04EC0-301F-11D3-BF4B-00C04F79EFBC}") = "week-4-bomb", "week-4-bomb\week-4-bomb.csproj", "{4389BB53-E6B0-4889-B0C6-5DF7D820772F}"
EndProject
Global
	GlobalSection(SolutionConfigurationPlatforms) = preSolution
		Debug|Any CPU = Debug|Any CPU
		Release|Any CPU = Release|Any CPU
	EndGlobalSection
	GlobalSection(ProjectConfigurationPlatforms) = postSolution
		{4389BB53-E6B0-4889-B0C6-5DF7D820772F}.Debug|Any CPU.ActiveCfg = Debug|Any CPU
		{4389BB53-E6B0-4889-B0C6-5DF7D820772F}.Debug|Any CPU.Build.0 = Debug|Any CPU
		{4389BB53-E6B0-4889-B0C6-5DF7D820772F}.Release|Any CPU.ActiveCfg = Release|Any CPU
		{4389BB53-E6B0-4889-B0C6-5DF7D820772F}.Release|Any CPU.Build.0 = Release|Any CPU
	EndGlobalSection
	GlobalSection(SolutionProperties) = preSolution
		HideSolutionNode = FALSE
	EndGlobalSection
	GlobalSection(ExtensibilityGlobals) = postSolution
		SolutionGuid = {0BBFEEB4-7FBB-45EF-A87A-209D6E13112D}
	EndGlobalSection
EndGlobal
