
Microsoft Visual Studio Solution File, Format Version 12.00
# Visual Studio Version 17
VisualStudioVersion = 17.11.35327.3
MinimumVisualStudioVersion = 10.0.40219.1
Project("{FAE04EC0-301F-11D3-BF4B-00C04F79EFBC}") = "PatikaKutuphane", "PatikaKutuphane\PatikaKutuphane.csproj", "{B33FBCAF-6EB7-4CFB-A6DC-36BAB1D2B1EA}"
EndProject
Global
	GlobalSection(SolutionConfigurationPlatforms) = preSolution
		Debug|Any CPU = Debug|Any CPU
		Release|Any CPU = Release|Any CPU
	EndGlobalSection
	GlobalSection(ProjectConfigurationPlatforms) = postSolution
		{B33FBCAF-6EB7-4CFB-A6DC-36BAB1D2B1EA}.Debug|Any CPU.ActiveCfg = Debug|Any CPU
		{B33FBCAF-6EB7-4CFB-A6DC-36BAB1D2B1EA}.Debug|Any CPU.Build.0 = Debug|Any CPU
		{B33FBCAF-6EB7-4CFB-A6DC-36BAB1D2B1EA}.Release|Any CPU.ActiveCfg = Release|Any CPU
		{B33FBCAF-6EB7-4CFB-A6DC-36BAB1D2B1EA}.Release|Any CPU.Build.0 = Release|Any CPU
	EndGlobalSection
	GlobalSection(SolutionProperties) = preSolution
		HideSolutionNode = FALSE
	EndGlobalSection
	GlobalSection(ExtensibilityGlobals) = postSolution
		SolutionGuid = {A1E7E5D5-E3C7-486E-8898-283A4B587972}
	EndGlobalSection
EndGlobal
