
Microsoft Visual Studio Solution File, Format Version 12.00
# Visual Studio Version 17
VisualStudioVersion = 17.11.35431.28
MinimumVisualStudioVersion = 10.0.40219.1
Project("{FAE04EC0-301F-11D3-BF4B-00C04F79EFBC}") = "IdentityandDataProtection", "IdentityandDataProtection\IdentityandDataProtection.csproj", "{5626A2A9-CE28-48CD-A1DA-8E0008016D70}"
EndProject
Global
	GlobalSection(SolutionConfigurationPlatforms) = preSolution
		Debug|Any CPU = Debug|Any CPU
		Release|Any CPU = Release|Any CPU
	EndGlobalSection
	GlobalSection(ProjectConfigurationPlatforms) = postSolution
		{5626A2A9-CE28-48CD-A1DA-8E0008016D70}.Debug|Any CPU.ActiveCfg = Debug|Any CPU
		{5626A2A9-CE28-48CD-A1DA-8E0008016D70}.Debug|Any CPU.Build.0 = Debug|Any CPU
		{5626A2A9-CE28-48CD-A1DA-8E0008016D70}.Release|Any CPU.ActiveCfg = Release|Any CPU
		{5626A2A9-CE28-48CD-A1DA-8E0008016D70}.Release|Any CPU.Build.0 = Release|Any CPU
	EndGlobalSection
	GlobalSection(SolutionProperties) = preSolution
		HideSolutionNode = FALSE
	EndGlobalSection
	GlobalSection(ExtensibilityGlobals) = postSolution
		SolutionGuid = {FA97C7A0-0CC3-422D-A828-3922B91A8178}
	EndGlobalSection
EndGlobal
