
Microsoft Visual Studio Solution File, Format Version 12.00
# Visual Studio Version 17
VisualStudioVersion = 17.11.35327.3
MinimumVisualStudioVersion = 10.0.40219.1
Project("{FAE04EC0-301F-11D3-BF4B-00C04F79EFBC}") = "Encapsulation", "Encapsulation\Encapsulation.csproj", "{B390491E-8714-47C5-B4D8-0CD352AC8F85}"
EndProject
Global
	GlobalSection(SolutionConfigurationPlatforms) = preSolution
		Debug|Any CPU = Debug|Any CPU
		Release|Any CPU = Release|Any CPU
	EndGlobalSection
	GlobalSection(ProjectConfigurationPlatforms) = postSolution
		{B390491E-8714-47C5-B4D8-0CD352AC8F85}.Debug|Any CPU.ActiveCfg = Debug|Any CPU
		{B390491E-8714-47C5-B4D8-0CD352AC8F85}.Debug|Any CPU.Build.0 = Debug|Any CPU
		{B390491E-8714-47C5-B4D8-0CD352AC8F85}.Release|Any CPU.ActiveCfg = Release|Any CPU
		{B390491E-8714-47C5-B4D8-0CD352AC8F85}.Release|Any CPU.Build.0 = Release|Any CPU
	EndGlobalSection
	GlobalSection(SolutionProperties) = preSolution
		HideSolutionNode = FALSE
	EndGlobalSection
	GlobalSection(ExtensibilityGlobals) = postSolution
		SolutionGuid = {AB69918E-4C33-447C-861E-F0ED64448D21}
	EndGlobalSection
EndGlobal
