
Microsoft Visual Studio Solution File, Format Version 12.00
# Visual Studio Version 17
VisualStudioVersion = 17.11.35327.3
MinimumVisualStudioVersion = 10.0.40219.1
Project("{FAE04EC0-301F-11D3-BF4B-00C04F79EFBC}") = "Polymorphism", "Polymorphism\Polymorphism.csproj", "{DC29D465-7D08-42A1-A055-7B84144BC726}"
EndProject
Global
	GlobalSection(SolutionConfigurationPlatforms) = preSolution
		Debug|Any CPU = Debug|Any CPU
		Release|Any CPU = Release|Any CPU
	EndGlobalSection
	GlobalSection(ProjectConfigurationPlatforms) = postSolution
		{DC29D465-7D08-42A1-A055-7B84144BC726}.Debug|Any CPU.ActiveCfg = Debug|Any CPU
		{DC29D465-7D08-42A1-A055-7B84144BC726}.Debug|Any CPU.Build.0 = Debug|Any CPU
		{DC29D465-7D08-42A1-A055-7B84144BC726}.Release|Any CPU.ActiveCfg = Release|Any CPU
		{DC29D465-7D08-42A1-A055-7B84144BC726}.Release|Any CPU.Build.0 = Release|Any CPU
	EndGlobalSection
	GlobalSection(SolutionProperties) = preSolution
		HideSolutionNode = FALSE
	EndGlobalSection
	GlobalSection(ExtensibilityGlobals) = postSolution
		SolutionGuid = {A9CD4D95-F956-41EF-B680-4ED2FFF11EBB}
	EndGlobalSection
EndGlobal
