
Microsoft Visual Studio Solution File, Format Version 12.00
# Visual Studio Version 17
VisualStudioVersion = 17.11.35431.28
MinimumVisualStudioVersion = 10.0.40219.1
Project("{FAE04EC0-301F-11D3-BF4B-00C04F79EFBC}") = "CelebritiesApi", "CelebritiesApi\CelebritiesApi.csproj", "{B68D3364-54F0-423C-B492-2F7A6B759781}"
EndProject
Global
	GlobalSection(SolutionConfigurationPlatforms) = preSolution
		Debug|Any CPU = Debug|Any CPU
		Release|Any CPU = Release|Any CPU
	EndGlobalSection
	GlobalSection(ProjectConfigurationPlatforms) = postSolution
		{B68D3364-54F0-423C-B492-2F7A6B759781}.Debug|Any CPU.ActiveCfg = Debug|Any CPU
		{B68D3364-54F0-423C-B492-2F7A6B759781}.Debug|Any CPU.Build.0 = Debug|Any CPU
		{B68D3364-54F0-423C-B492-2F7A6B759781}.Release|Any CPU.ActiveCfg = Release|Any CPU
		{B68D3364-54F0-423C-B492-2F7A6B759781}.Release|Any CPU.Build.0 = Release|Any CPU
	EndGlobalSection
	GlobalSection(SolutionProperties) = preSolution
		HideSolutionNode = FALSE
	EndGlobalSection
	GlobalSection(ExtensibilityGlobals) = postSolution
		SolutionGuid = {57EE2079-6723-4095-822B-2E6CF3E0E7AF}
	EndGlobalSection
EndGlobal
