
Microsoft Visual Studio Solution File, Format Version 12.00
# Visual Studio Version 17
VisualStudioVersion = 17.11.35431.28
MinimumVisualStudioVersion = 10.0.40219.1
Project("{FAE04EC0-301F-11D3-BF4B-00C04F79EFBC}") = "CrazyMusicians", "CrazyMusicians\CrazyMusicians.csproj", "{99684925-3413-4C1B-B583-E41CBA64BDA4}"
EndProject
Global
	GlobalSection(SolutionConfigurationPlatforms) = preSolution
		Debug|Any CPU = Debug|Any CPU
		Release|Any CPU = Release|Any CPU
	EndGlobalSection
	GlobalSection(ProjectConfigurationPlatforms) = postSolution
		{99684925-3413-4C1B-B583-E41CBA64BDA4}.Debug|Any CPU.ActiveCfg = Debug|Any CPU
		{99684925-3413-4C1B-B583-E41CBA64BDA4}.Debug|Any CPU.Build.0 = Debug|Any CPU
		{99684925-3413-4C1B-B583-E41CBA64BDA4}.Release|Any CPU.ActiveCfg = Release|Any CPU
		{99684925-3413-4C1B-B583-E41CBA64BDA4}.Release|Any CPU.Build.0 = Release|Any CPU
	EndGlobalSection
	GlobalSection(SolutionProperties) = preSolution
		HideSolutionNode = FALSE
	EndGlobalSection
	GlobalSection(ExtensibilityGlobals) = postSolution
		SolutionGuid = {47B63A37-F008-41B6-A00B-0635D892DD60}
	EndGlobalSection
EndGlobal
