
Microsoft Visual Studio Solution File, Format Version 12.00
# Visual Studio Version 17
VisualStudioVersion = 17.11.35431.28
MinimumVisualStudioVersion = 10.0.40219.1
Project("{FAE04EC0-301F-11D3-BF4B-00C04F79EFBC}") = "BasicMVC", "BasicMVC\BasicMVC.csproj", "{D0C764CF-4B0E-48CD-9070-94F08CCE08A1}"
EndProject
Global
	GlobalSection(SolutionConfigurationPlatforms) = preSolution
		Debug|Any CPU = Debug|Any CPU
		Release|Any CPU = Release|Any CPU
	EndGlobalSection
	GlobalSection(ProjectConfigurationPlatforms) = postSolution
		{D0C764CF-4B0E-48CD-9070-94F08CCE08A1}.Debug|Any CPU.ActiveCfg = Debug|Any CPU
		{D0C764CF-4B0E-48CD-9070-94F08CCE08A1}.Debug|Any CPU.Build.0 = Debug|Any CPU
		{D0C764CF-4B0E-48CD-9070-94F08CCE08A1}.Release|Any CPU.ActiveCfg = Release|Any CPU
		{D0C764CF-4B0E-48CD-9070-94F08CCE08A1}.Release|Any CPU.Build.0 = Release|Any CPU
	EndGlobalSection
	GlobalSection(SolutionProperties) = preSolution
		HideSolutionNode = FALSE
	EndGlobalSection
	GlobalSection(ExtensibilityGlobals) = postSolution
		SolutionGuid = {68171F4C-92EA-455E-B167-6D0ADB3F4804}
	EndGlobalSection
EndGlobal
